
Microsoft Visual Studio Solution File, Format Version 12.00
# Visual Studio 15
VisualStudioVersion = 15.0.27703.2047
MinimumVisualStudioVersion = 10.0.40219.1
Project("{FAE04EC0-301F-11D3-BF4B-00C04F79EFBC}") = "WearSync.Watch", "WearSync.Watch\WearSync.Watch\WearSync.Watch.csproj", "{0838AEED-1C91-466E-843E-A21E64CFB8CC}"
EndProject
Project("{9A19103F-16F7-4668-BE54-9A1E7A4F7556}") = "WearSync.Shared", "WearSync.Shared\WearSync.Shared.csproj", "{88A09F04-E35B-455B-B6E1-DDF37FB4F059}"
EndProject
Project("{FAE04EC0-301F-11D3-BF4B-00C04F79EFBC}") = "WearSync.Companion", "WearSync.Companion\WearSync.Companion.csproj", "{BBEF0AAF-4128-409B-B56F-A3CCFC2FBFF6}"
EndProject
Global
	GlobalSection(SolutionConfigurationPlatforms) = preSolution
		Debug|Any CPU = Debug|Any CPU
		Release|Any CPU = Release|Any CPU
	EndGlobalSection
	GlobalSection(ProjectConfigurationPlatforms) = postSolution
		{0838AEED-1C91-466E-843E-A21E64CFB8CC}.Debug|Any CPU.ActiveCfg = Debug|Any CPU
		{0838AEED-1C91-466E-843E-A21E64CFB8CC}.Debug|Any CPU.Build.0 = Debug|Any CPU
		{0838AEED-1C91-466E-843E-A21E64CFB8CC}.Debug|Any CPU.Deploy.0 = Debug|Any CPU
		{0838AEED-1C91-466E-843E-A21E64CFB8CC}.Release|Any CPU.ActiveCfg = Release|Any CPU
		{0838AEED-1C91-466E-843E-A21E64CFB8CC}.Release|Any CPU.Build.0 = Release|Any CPU
		{0838AEED-1C91-466E-843E-A21E64CFB8CC}.Release|Any CPU.Deploy.0 = Release|Any CPU
		{88A09F04-E35B-455B-B6E1-DDF37FB4F059}.Debug|Any CPU.ActiveCfg = Debug|Any CPU
		{88A09F04-E35B-455B-B6E1-DDF37FB4F059}.Debug|Any CPU.Build.0 = Debug|Any CPU
		{88A09F04-E35B-455B-B6E1-DDF37FB4F059}.Release|Any CPU.ActiveCfg = Release|Any CPU
		{88A09F04-E35B-455B-B6E1-DDF37FB4F059}.Release|Any CPU.Build.0 = Release|Any CPU
		{BBEF0AAF-4128-409B-B56F-A3CCFC2FBFF6}.Debug|Any CPU.ActiveCfg = Debug|Any CPU
		{BBEF0AAF-4128-409B-B56F-A3CCFC2FBFF6}.Debug|Any CPU.Build.0 = Debug|Any CPU
		{BBEF0AAF-4128-409B-B56F-A3CCFC2FBFF6}.Debug|Any CPU.Deploy.0 = Debug|Any CPU
		{BBEF0AAF-4128-409B-B56F-A3CCFC2FBFF6}.Release|Any CPU.ActiveCfg = Release|Any CPU
		{BBEF0AAF-4128-409B-B56F-A3CCFC2FBFF6}.Release|Any CPU.Build.0 = Release|Any CPU
		{BBEF0AAF-4128-409B-B56F-A3CCFC2FBFF6}.Release|Any CPU.Deploy.0 = Release|Any CPU
	EndGlobalSection
	GlobalSection(SolutionProperties) = preSolution
		HideSolutionNode = FALSE
	EndGlobalSection
	GlobalSection(ExtensibilityGlobals) = postSolution
		SolutionGuid = {273B5B28-3CB6-40A2-A58B-B4A2528E5216}
	EndGlobalSection
EndGlobal
